
Microsoft Visual Studio Solution File, Format Version 12.00
# Visual Studio Version 17
VisualStudioVersion = 17.2.32616.157
MinimumVisualStudioVersion = 10.0.40219.1
Project("{FAE04EC0-301F-11D3-BF4B-00C04F79EFBC}") = "Briefcase", "Briefcase\Briefcase.csproj", "{BFBD606A-7ECC-4EDB-9821-64A2FCA5FF98}"
EndProject
Global
	GlobalSection(SolutionConfigurationPlatforms) = preSolution
		Debug|Any CPU = Debug|Any CPU
		Release|Any CPU = Release|Any CPU
	EndGlobalSection
	GlobalSection(ProjectConfigurationPlatforms) = postSolution
		{BFBD606A-7ECC-4EDB-9821-64A2FCA5FF98}.Debug|Any CPU.ActiveCfg = Debug|Any CPU
		{BFBD606A-7ECC-4EDB-9821-64A2FCA5FF98}.Debug|Any CPU.Build.0 = Debug|Any CPU
		{BFBD606A-7ECC-4EDB-9821-64A2FCA5FF98}.Release|Any CPU.ActiveCfg = Release|Any CPU
		{BFBD606A-7ECC-4EDB-9821-64A2FCA5FF98}.Release|Any CPU.Build.0 = Release|Any CPU
	EndGlobalSection
	GlobalSection(SolutionProperties) = preSolution
		HideSolutionNode = FALSE
	EndGlobalSection
	GlobalSection(ExtensibilityGlobals) = postSolution
		SolutionGuid = {EA2F7C16-D8BB-4CF5-87AD-81093A9E7E21}
	EndGlobalSection
EndGlobal
